<?xml version="1.0" encoding="UTF-8" standalone="yes" ?>
<CodeBlocks_project_file>
	<FileVersion major="1" minor="6" />
	<Project>
		<Option title="BibliotecaNova" />
		<Option pch_mode="2" />
		<Option compiler="gcc" />
		<Build>
			<Target title="Debug">
				<Option output="bin/Debug/BibliotecaNova" prefix_auto="1" extension_auto="1" />
				<Option object_output="obj/Debug/" />
				<Option type="1" />
				<Option compiler="gcc" />
				<Compiler>
					<Add option="-g" />
					<Add directory="include" />
				</Compiler>
			</Target>
			<Target title="Release">
				<Option output="bin/Release/BibliotecaNova" prefix_auto="1" extension_auto="1" />
				<Option object_output="obj/Release/" />
				<Option type="1" />
				<Option compiler="gcc" />
				<Compiler>
					<Add option="-O2" />
					<Add directory="include" />
				</Compiler>
				<Linker>
					<Add option="-s" />
				</Linker>
			</Target>
		</Build>
		<Compiler>
			<Add option="-Wall" />
			<Add option="-fexceptions" />
		</Compiler>
		<Unit filename="include/ClienteNormal.h" />
		<Unit filename="include/ClienteVip.h" />
		<Unit filename="include/Clientes.h" />
		<Unit filename="include/Controle.h" />
		<Unit filename="include/Emprestimo.h" />
		<Unit filename="main.cpp" />
		<Unit filename="src/ClienteNormal.cpp" />
		<Unit filename="src/ClienteVip.cpp" />
		<Unit filename="src/Clientes.cpp" />
		<Unit filename="src/Controle.cpp" />
		<Unit filename="src/Emprestimo.cpp" />
		<Extensions>
			<lib_finder disable_auto="1" />
		</Extensions>
	</Project>
</CodeBlocks_project_file>
